
Microsoft Visual Studio Solution File, Format Version 12.00
# Visual Studio Version 16
VisualStudioVersion = 16.0.32106.194
MinimumVisualStudioVersion = 10.0.40219.1
Project("{FAE04EC0-301F-11D3-BF4B-00C04F79EFBC}") = "TheWedding", "TheWedding\TheWedding.csproj", "{1954DFC2-DC28-4B11-81F3-0984FE3E0206}"
EndProject
Global
	GlobalSection(SolutionConfigurationPlatforms) = preSolution
		Debug|Any CPU = Debug|Any CPU
		Release|Any CPU = Release|Any CPU
	EndGlobalSection
	GlobalSection(ProjectConfigurationPlatforms) = postSolution
		{1954DFC2-DC28-4B11-81F3-0984FE3E0206}.Debug|Any CPU.ActiveCfg = Debug|Any CPU
		{1954DFC2-DC28-4B11-81F3-0984FE3E0206}.Debug|Any CPU.Build.0 = Debug|Any CPU
		{1954DFC2-DC28-4B11-81F3-0984FE3E0206}.Release|Any CPU.ActiveCfg = Release|Any CPU
		{1954DFC2-DC28-4B11-81F3-0984FE3E0206}.Release|Any CPU.Build.0 = Release|Any CPU
	EndGlobalSection
	GlobalSection(SolutionProperties) = preSolution
		HideSolutionNode = FALSE
	EndGlobalSection
	GlobalSection(ExtensibilityGlobals) = postSolution
		SolutionGuid = {7E3C2A34-DF4C-494B-AF71-64D113D4399F}
	EndGlobalSection
EndGlobal
